
Microsoft Visual Studio Solution File, Format Version 12.00
# Visual Studio Version 17
VisualStudioVersion = 17.0.31903.59
MinimumVisualStudioVersion = 10.0.40219.1
Project("{2150E333-8FDC-42A3-9474-1A3956D46DE8}") = "src", "src", "{827E0CD3-B72D-47B6-A68D-7590B98EB39B}"
EndProject
Project("{FAE04EC0-301F-11D3-BF4B-00C04F79EFBC}") = "EVANS.Domain", "src\EVANS.Domain\EVANS.Domain.csproj", "{51E1E038-DBA1-41B2-865D-F9618E00F8F7}"
EndProject
Project("{FAE04EC0-301F-11D3-BF4B-00C04F79EFBC}") = "EVANS.Application", "src\EVANS.Application\EVANS.Application.csproj", "{EB8BCF32-E849-400F-AF72-6139F80D6B64}"
EndProject
Project("{FAE04EC0-301F-11D3-BF4B-00C04F79EFBC}") = "EVANS.Infrastructure.Sql", "src\EVANS.Infrastructure.Sql\EVANS.Infrastructure.Sql.csproj", "{8040B1B0-1683-4F1A-8B29-841F594E447E}"
EndProject
Project("{FAE04EC0-301F-11D3-BF4B-00C04F79EFBC}") = "EVANS.Infrastructure.External", "src\EVANS.Infrastructure.External\EVANS.Infrastructure.External.csproj", "{12D80388-DF66-41F5-8047-511DDB7EAC4E}"
EndProject
Project("{FAE04EC0-301F-11D3-BF4B-00C04F79EFBC}") = "EVANS.Reports", "src\EVANS.Reports\EVANS.Reports.csproj", "{788F8572-314F-4D22-9C9E-F31F54195646}"
EndProject
Project("{FAE04EC0-301F-11D3-BF4B-00C04F79EFBC}") = "EVANS.UI.Shared", "src\EVANS.UI.Shared\EVANS.UI.Shared.csproj", "{E7CC00A3-556D-46F5-96A2-ECD2713BBCCC}"
EndProject
Project("{FAE04EC0-301F-11D3-BF4B-00C04F79EFBC}") = "EVANS.UI.WinForms", "src\EVANS.UI.WinForms\EVANS.UI.WinForms.csproj", "{3D65189B-5461-47B9-AEF6-2712278EEE28}"
EndProject
Project("{FAE04EC0-301F-11D3-BF4B-00C04F79EFBC}") = "EVANS.Host.WinForms", "src\EVANS.Host.WinForms\EVANS.Host.WinForms.csproj", "{0DEEDBEB-3D4E-4421-A901-7C7F206AD912}"
EndProject
Project("{FAE04EC0-301F-11D3-BF4B-00C04F79EFBC}") = "EVANS.Domain.Tests", "tests\EVANS.Domain.Tests\EVANS.Domain.Tests.csproj", "{A2259DD8-4171-440F-A4A1-5E32A2CD6053}"
EndProject
Project("{FAE04EC0-301F-11D3-BF4B-00C04F79EFBC}") = "EVANS.Application.Tests", "tests\EVANS.Application.Tests\EVANS.Application.Tests.csproj", "{69C2C5AD-794A-4EC5-81B1-754EAE24C16A}"
EndProject
Project("{FAE04EC0-301F-11D3-BF4B-00C04F79EFBC}") = "EVANS.Infrastructure.Tests", "tests\EVANS.Infrastructure.Tests\EVANS.Infrastructure.Tests.csproj", "{B4B04287-D322-4B5C-BBC4-77741883E77B}"
EndProject
Project("{FAE04EC0-301F-11D3-BF4B-00C04F79EFBC}") = "EVANS.Acceptance.Tests", "tests\EVANS.Acceptance.Tests\EVANS.Acceptance.Tests.csproj", "{497075A5-867C-46F5-AE7E-0E61607EFC09}"
EndProject
Project("{FAE04EC0-301F-11D3-BF4B-00C04F79EFBC}") = "EVANS.Legacy.AcceptanceTests", "tests\EVANS.Legacy.AcceptanceTests\EVANS.Legacy.AcceptanceTests.csproj", "{43BE66BA-0FCD-4F34-B419-25C8B7D01E6B}"
EndProject
Project("{FAE04EC0-301F-11D3-BF4B-00C04F79EFBC}") = "EVANS.Tests", "EVANS.Tests\EVANS.Tests.csproj", "{6F205D77-7073-4642-B208-CED41911ADAA}"
EndProject
Project("{2150E333-8FDC-42A3-9474-1A3956D46DE8}") = "tests", "tests", "{0AB3BF05-4346-4AA6-1389-037BE0695223}"
EndProject
Project("{FAE04EC0-301F-11D3-BF4B-00C04F79EFBC}") = "EVANS.UI.Tests", "tests\EVANS.UI.Tests\EVANS.UI.Tests.csproj", "{56A12D6F-1D46-4479-9150-8B0BB9A331AF}"
EndProject
Project("{FAE04EC0-301F-11D3-BF4B-00C04F79EFBC}") = "EVANS.Reports.Tests", "tests\EVANS.Reports.Tests\EVANS.Reports.Tests.csproj", "{E8EC76D5-39F7-4DDE-88AD-1D39F6116FF1}"
EndProject
Global
	GlobalSection(SolutionConfigurationPlatforms) = preSolution
		Debug|Any CPU = Debug|Any CPU
		Debug|x64 = Debug|x64
		Debug|x86 = Debug|x86
		Release|Any CPU = Release|Any CPU
		Release|x64 = Release|x64
		Release|x86 = Release|x86
	EndGlobalSection
	GlobalSection(ProjectConfigurationPlatforms) = postSolution
		{51E1E038-DBA1-41B2-865D-F9618E00F8F7}.Debug|Any CPU.ActiveCfg = Debug|Any CPU
		{51E1E038-DBA1-41B2-865D-F9618E00F8F7}.Debug|Any CPU.Build.0 = Debug|Any CPU
		{51E1E038-DBA1-41B2-865D-F9618E00F8F7}.Debug|x64.ActiveCfg = Debug|Any CPU
		{51E1E038-DBA1-41B2-865D-F9618E00F8F7}.Debug|x64.Build.0 = Debug|Any CPU
		{51E1E038-DBA1-41B2-865D-F9618E00F8F7}.Debug|x86.ActiveCfg = Debug|Any CPU
		{51E1E038-DBA1-41B2-865D-F9618E00F8F7}.Debug|x86.Build.0 = Debug|Any CPU
		{51E1E038-DBA1-41B2-865D-F9618E00F8F7}.Release|Any CPU.ActiveCfg = Release|Any CPU
		{51E1E038-DBA1-41B2-865D-F9618E00F8F7}.Release|Any CPU.Build.0 = Release|Any CPU
		{51E1E038-DBA1-41B2-865D-F9618E00F8F7}.Release|x64.ActiveCfg = Release|Any CPU
		{51E1E038-DBA1-41B2-865D-F9618E00F8F7}.Release|x64.Build.0 = Release|Any CPU
		{51E1E038-DBA1-41B2-865D-F9618E00F8F7}.Release|x86.ActiveCfg = Release|Any CPU
		{51E1E038-DBA1-41B2-865D-F9618E00F8F7}.Release|x86.Build.0 = Release|Any CPU
		{EB8BCF32-E849-400F-AF72-6139F80D6B64}.Debug|Any CPU.ActiveCfg = Debug|Any CPU
		{EB8BCF32-E849-400F-AF72-6139F80D6B64}.Debug|Any CPU.Build.0 = Debug|Any CPU
		{EB8BCF32-E849-400F-AF72-6139F80D6B64}.Debug|x64.ActiveCfg = Debug|Any CPU
		{EB8BCF32-E849-400F-AF72-6139F80D6B64}.Debug|x64.Build.0 = Debug|Any CPU
		{EB8BCF32-E849-400F-AF72-6139F80D6B64}.Debug|x86.ActiveCfg = Debug|Any CPU
		{EB8BCF32-E849-400F-AF72-6139F80D6B64}.Debug|x86.Build.0 = Debug|Any CPU
		{EB8BCF32-E849-400F-AF72-6139F80D6B64}.Release|Any CPU.ActiveCfg = Release|Any CPU
		{EB8BCF32-E849-400F-AF72-6139F80D6B64}.Release|Any CPU.Build.0 = Release|Any CPU
		{EB8BCF32-E849-400F-AF72-6139F80D6B64}.Release|x64.ActiveCfg = Release|Any CPU
		{EB8BCF32-E849-400F-AF72-6139F80D6B64}.Release|x64.Build.0 = Release|Any CPU
		{EB8BCF32-E849-400F-AF72-6139F80D6B64}.Release|x86.ActiveCfg = Release|Any CPU
		{EB8BCF32-E849-400F-AF72-6139F80D6B64}.Release|x86.Build.0 = Release|Any CPU
		{8040B1B0-1683-4F1A-8B29-841F594E447E}.Debug|Any CPU.ActiveCfg = Debug|Any CPU
		{8040B1B0-1683-4F1A-8B29-841F594E447E}.Debug|Any CPU.Build.0 = Debug|Any CPU
		{8040B1B0-1683-4F1A-8B29-841F594E447E}.Debug|x64.ActiveCfg = Debug|Any CPU
		{8040B1B0-1683-4F1A-8B29-841F594E447E}.Debug|x64.Build.0 = Debug|Any CPU
		{8040B1B0-1683-4F1A-8B29-841F594E447E}.Debug|x86.ActiveCfg = Debug|Any CPU
		{8040B1B0-1683-4F1A-8B29-841F594E447E}.Debug|x86.Build.0 = Debug|Any CPU
		{8040B1B0-1683-4F1A-8B29-841F594E447E}.Release|Any CPU.ActiveCfg = Release|Any CPU
		{8040B1B0-1683-4F1A-8B29-841F594E447E}.Release|Any CPU.Build.0 = Release|Any CPU
		{8040B1B0-1683-4F1A-8B29-841F594E447E}.Release|x64.ActiveCfg = Release|Any CPU
		{8040B1B0-1683-4F1A-8B29-841F594E447E}.Release|x64.Build.0 = Release|Any CPU
		{8040B1B0-1683-4F1A-8B29-841F594E447E}.Release|x86.ActiveCfg = Release|Any CPU
		{8040B1B0-1683-4F1A-8B29-841F594E447E}.Release|x86.Build.0 = Release|Any CPU
		{12D80388-DF66-41F5-8047-511DDB7EAC4E}.Debug|Any CPU.ActiveCfg = Debug|Any CPU
		{12D80388-DF66-41F5-8047-511DDB7EAC4E}.Debug|Any CPU.Build.0 = Debug|Any CPU
		{12D80388-DF66-41F5-8047-511DDB7EAC4E}.Debug|x64.ActiveCfg = Debug|Any CPU
		{12D80388-DF66-41F5-8047-511DDB7EAC4E}.Debug|x64.Build.0 = Debug|Any CPU
		{12D80388-DF66-41F5-8047-511DDB7EAC4E}.Debug|x86.ActiveCfg = Debug|Any CPU
		{12D80388-DF66-41F5-8047-511DDB7EAC4E}.Debug|x86.Build.0 = Debug|Any CPU
		{12D80388-DF66-41F5-8047-511DDB7EAC4E}.Release|Any CPU.ActiveCfg = Release|Any CPU
		{12D80388-DF66-41F5-8047-511DDB7EAC4E}.Release|Any CPU.Build.0 = Release|Any CPU
		{12D80388-DF66-41F5-8047-511DDB7EAC4E}.Release|x64.ActiveCfg = Release|Any CPU
		{12D80388-DF66-41F5-8047-511DDB7EAC4E}.Release|x64.Build.0 = Release|Any CPU
		{12D80388-DF66-41F5-8047-511DDB7EAC4E}.Release|x86.ActiveCfg = Release|Any CPU
		{12D80388-DF66-41F5-8047-511DDB7EAC4E}.Release|x86.Build.0 = Release|Any CPU
		{788F8572-314F-4D22-9C9E-F31F54195646}.Debug|Any CPU.ActiveCfg = Debug|Any CPU
		{788F8572-314F-4D22-9C9E-F31F54195646}.Debug|Any CPU.Build.0 = Debug|Any CPU
		{788F8572-314F-4D22-9C9E-F31F54195646}.Debug|x64.ActiveCfg = Debug|Any CPU
		{788F8572-314F-4D22-9C9E-F31F54195646}.Debug|x64.Build.0 = Debug|Any CPU
		{788F8572-314F-4D22-9C9E-F31F54195646}.Debug|x86.ActiveCfg = Debug|Any CPU
		{788F8572-314F-4D22-9C9E-F31F54195646}.Debug|x86.Build.0 = Debug|Any CPU
		{788F8572-314F-4D22-9C9E-F31F54195646}.Release|Any CPU.ActiveCfg = Release|Any CPU
		{788F8572-314F-4D22-9C9E-F31F54195646}.Release|Any CPU.Build.0 = Release|Any CPU
		{788F8572-314F-4D22-9C9E-F31F54195646}.Release|x64.ActiveCfg = Release|Any CPU
		{788F8572-314F-4D22-9C9E-F31F54195646}.Release|x64.Build.0 = Release|Any CPU
		{788F8572-314F-4D22-9C9E-F31F54195646}.Release|x86.ActiveCfg = Release|Any CPU
		{788F8572-314F-4D22-9C9E-F31F54195646}.Release|x86.Build.0 = Release|Any CPU
		{E7CC00A3-556D-46F5-96A2-ECD2713BBCCC}.Debug|Any CPU.ActiveCfg = Debug|Any CPU
		{E7CC00A3-556D-46F5-96A2-ECD2713BBCCC}.Debug|Any CPU.Build.0 = Debug|Any CPU
		{E7CC00A3-556D-46F5-96A2-ECD2713BBCCC}.Debug|x64.ActiveCfg = Debug|Any CPU
		{E7CC00A3-556D-46F5-96A2-ECD2713BBCCC}.Debug|x64.Build.0 = Debug|Any CPU
		{E7CC00A3-556D-46F5-96A2-ECD2713BBCCC}.Debug|x86.ActiveCfg = Debug|Any CPU
		{E7CC00A3-556D-46F5-96A2-ECD2713BBCCC}.Debug|x86.Build.0 = Debug|Any CPU
		{E7CC00A3-556D-46F5-96A2-ECD2713BBCCC}.Release|Any CPU.ActiveCfg = Release|Any CPU
		{E7CC00A3-556D-46F5-96A2-ECD2713BBCCC}.Release|Any CPU.Build.0 = Release|Any CPU
		{E7CC00A3-556D-46F5-96A2-ECD2713BBCCC}.Release|x64.ActiveCfg = Release|Any CPU
		{E7CC00A3-556D-46F5-96A2-ECD2713BBCCC}.Release|x64.Build.0 = Release|Any CPU
		{E7CC00A3-556D-46F5-96A2-ECD2713BBCCC}.Release|x86.ActiveCfg = Release|Any CPU
		{E7CC00A3-556D-46F5-96A2-ECD2713BBCCC}.Release|x86.Build.0 = Release|Any CPU
		{3D65189B-5461-47B9-AEF6-2712278EEE28}.Debug|Any CPU.ActiveCfg = Debug|Any CPU
		{3D65189B-5461-47B9-AEF6-2712278EEE28}.Debug|Any CPU.Build.0 = Debug|Any CPU
		{3D65189B-5461-47B9-AEF6-2712278EEE28}.Debug|x64.ActiveCfg = Debug|Any CPU
		{3D65189B-5461-47B9-AEF6-2712278EEE28}.Debug|x64.Build.0 = Debug|Any CPU
		{3D65189B-5461-47B9-AEF6-2712278EEE28}.Debug|x86.ActiveCfg = Debug|Any CPU
		{3D65189B-5461-47B9-AEF6-2712278EEE28}.Debug|x86.Build.0 = Debug|Any CPU
		{3D65189B-5461-47B9-AEF6-2712278EEE28}.Release|Any CPU.ActiveCfg = Release|Any CPU
		{3D65189B-5461-47B9-AEF6-2712278EEE28}.Release|Any CPU.Build.0 = Release|Any CPU
		{3D65189B-5461-47B9-AEF6-2712278EEE28}.Release|x64.ActiveCfg = Release|Any CPU
		{3D65189B-5461-47B9-AEF6-2712278EEE28}.Release|x64.Build.0 = Release|Any CPU
		{3D65189B-5461-47B9-AEF6-2712278EEE28}.Release|x86.ActiveCfg = Release|Any CPU
		{3D65189B-5461-47B9-AEF6-2712278EEE28}.Release|x86.Build.0 = Release|Any CPU
		{0DEEDBEB-3D4E-4421-A901-7C7F206AD912}.Debug|Any CPU.ActiveCfg = Debug|Any CPU
		{0DEEDBEB-3D4E-4421-A901-7C7F206AD912}.Debug|Any CPU.Build.0 = Debug|Any CPU
		{0DEEDBEB-3D4E-4421-A901-7C7F206AD912}.Debug|x64.ActiveCfg = Debug|Any CPU
		{0DEEDBEB-3D4E-4421-A901-7C7F206AD912}.Debug|x64.Build.0 = Debug|Any CPU
		{0DEEDBEB-3D4E-4421-A901-7C7F206AD912}.Debug|x86.ActiveCfg = Debug|Any CPU
		{0DEEDBEB-3D4E-4421-A901-7C7F206AD912}.Debug|x86.Build.0 = Debug|Any CPU
		{0DEEDBEB-3D4E-4421-A901-7C7F206AD912}.Release|Any CPU.ActiveCfg = Release|Any CPU
		{0DEEDBEB-3D4E-4421-A901-7C7F206AD912}.Release|Any CPU.Build.0 = Release|Any CPU
		{0DEEDBEB-3D4E-4421-A901-7C7F206AD912}.Release|x64.ActiveCfg = Release|Any CPU
		{0DEEDBEB-3D4E-4421-A901-7C7F206AD912}.Release|x64.Build.0 = Release|Any CPU
		{0DEEDBEB-3D4E-4421-A901-7C7F206AD912}.Release|x86.ActiveCfg = Release|Any CPU
		{0DEEDBEB-3D4E-4421-A901-7C7F206AD912}.Release|x86.Build.0 = Release|Any CPU
		{A2259DD8-4171-440F-A4A1-5E32A2CD6053}.Debug|Any CPU.ActiveCfg = Debug|Any CPU
		{A2259DD8-4171-440F-A4A1-5E32A2CD6053}.Debug|Any CPU.Build.0 = Debug|Any CPU
		{A2259DD8-4171-440F-A4A1-5E32A2CD6053}.Debug|x64.ActiveCfg = Debug|Any CPU
		{A2259DD8-4171-440F-A4A1-5E32A2CD6053}.Debug|x64.Build.0 = Debug|Any CPU
		{A2259DD8-4171-440F-A4A1-5E32A2CD6053}.Debug|x86.ActiveCfg = Debug|Any CPU
		{A2259DD8-4171-440F-A4A1-5E32A2CD6053}.Debug|x86.Build.0 = Debug|Any CPU
		{A2259DD8-4171-440F-A4A1-5E32A2CD6053}.Release|Any CPU.ActiveCfg = Release|Any CPU
		{A2259DD8-4171-440F-A4A1-5E32A2CD6053}.Release|Any CPU.Build.0 = Release|Any CPU
		{A2259DD8-4171-440F-A4A1-5E32A2CD6053}.Release|x64.ActiveCfg = Release|Any CPU
		{A2259DD8-4171-440F-A4A1-5E32A2CD6053}.Release|x64.Build.0 = Release|Any CPU
		{A2259DD8-4171-440F-A4A1-5E32A2CD6053}.Release|x86.ActiveCfg = Release|Any CPU
		{A2259DD8-4171-440F-A4A1-5E32A2CD6053}.Release|x86.Build.0 = Release|Any CPU
		{69C2C5AD-794A-4EC5-81B1-754EAE24C16A}.Debug|Any CPU.ActiveCfg = Debug|Any CPU
		{69C2C5AD-794A-4EC5-81B1-754EAE24C16A}.Debug|Any CPU.Build.0 = Debug|Any CPU
		{69C2C5AD-794A-4EC5-81B1-754EAE24C16A}.Debug|x64.ActiveCfg = Debug|Any CPU
		{69C2C5AD-794A-4EC5-81B1-754EAE24C16A}.Debug|x64.Build.0 = Debug|Any CPU
		{69C2C5AD-794A-4EC5-81B1-754EAE24C16A}.Debug|x86.ActiveCfg = Debug|Any CPU
		{69C2C5AD-794A-4EC5-81B1-754EAE24C16A}.Debug|x86.Build.0 = Debug|Any CPU
		{69C2C5AD-794A-4EC5-81B1-754EAE24C16A}.Release|Any CPU.ActiveCfg = Release|Any CPU
		{69C2C5AD-794A-4EC5-81B1-754EAE24C16A}.Release|Any CPU.Build.0 = Release|Any CPU
		{69C2C5AD-794A-4EC5-81B1-754EAE24C16A}.Release|x64.ActiveCfg = Release|Any CPU
		{69C2C5AD-794A-4EC5-81B1-754EAE24C16A}.Release|x64.Build.0 = Release|Any CPU
		{69C2C5AD-794A-4EC5-81B1-754EAE24C16A}.Release|x86.ActiveCfg = Release|Any CPU
		{69C2C5AD-794A-4EC5-81B1-754EAE24C16A}.Release|x86.Build.0 = Release|Any CPU
		{B4B04287-D322-4B5C-BBC4-77741883E77B}.Debug|Any CPU.ActiveCfg = Debug|Any CPU
		{B4B04287-D322-4B5C-BBC4-77741883E77B}.Debug|Any CPU.Build.0 = Debug|Any CPU
		{B4B04287-D322-4B5C-BBC4-77741883E77B}.Debug|x64.ActiveCfg = Debug|Any CPU
		{B4B04287-D322-4B5C-BBC4-77741883E77B}.Debug|x64.Build.0 = Debug|Any CPU
		{B4B04287-D322-4B5C-BBC4-77741883E77B}.Debug|x86.ActiveCfg = Debug|Any CPU
		{B4B04287-D322-4B5C-BBC4-77741883E77B}.Debug|x86.Build.0 = Debug|Any CPU
		{B4B04287-D322-4B5C-BBC4-77741883E77B}.Release|Any CPU.ActiveCfg = Release|Any CPU
		{B4B04287-D322-4B5C-BBC4-77741883E77B}.Release|Any CPU.Build.0 = Release|Any CPU
		{B4B04287-D322-4B5C-BBC4-77741883E77B}.Release|x64.ActiveCfg = Release|Any CPU
		{B4B04287-D322-4B5C-BBC4-77741883E77B}.Release|x64.Build.0 = Release|Any CPU
		{B4B04287-D322-4B5C-BBC4-77741883E77B}.Release|x86.ActiveCfg = Release|Any CPU
		{B4B04287-D322-4B5C-BBC4-77741883E77B}.Release|x86.Build.0 = Release|Any CPU
		{497075A5-867C-46F5-AE7E-0E61607EFC09}.Debug|Any CPU.ActiveCfg = Debug|Any CPU
		{497075A5-867C-46F5-AE7E-0E61607EFC09}.Debug|Any CPU.Build.0 = Debug|Any CPU
		{497075A5-867C-46F5-AE7E-0E61607EFC09}.Debug|x64.ActiveCfg = Debug|Any CPU
		{497075A5-867C-46F5-AE7E-0E61607EFC09}.Debug|x64.Build.0 = Debug|Any CPU
		{497075A5-867C-46F5-AE7E-0E61607EFC09}.Debug|x86.ActiveCfg = Debug|Any CPU
		{497075A5-867C-46F5-AE7E-0E61607EFC09}.Debug|x86.Build.0 = Debug|Any CPU
		{497075A5-867C-46F5-AE7E-0E61607EFC09}.Release|Any CPU.ActiveCfg = Release|Any CPU
		{497075A5-867C-46F5-AE7E-0E61607EFC09}.Release|Any CPU.Build.0 = Release|Any CPU
		{497075A5-867C-46F5-AE7E-0E61607EFC09}.Release|x64.ActiveCfg = Release|Any CPU
		{497075A5-867C-46F5-AE7E-0E61607EFC09}.Release|x64.Build.0 = Release|Any CPU
		{497075A5-867C-46F5-AE7E-0E61607EFC09}.Release|x86.ActiveCfg = Release|Any CPU
		{497075A5-867C-46F5-AE7E-0E61607EFC09}.Release|x86.Build.0 = Release|Any CPU
		{43BE66BA-0FCD-4F34-B419-25C8B7D01E6B}.Debug|Any CPU.ActiveCfg = Debug|Any CPU
		{43BE66BA-0FCD-4F34-B419-25C8B7D01E6B}.Debug|Any CPU.Build.0 = Debug|Any CPU
		{43BE66BA-0FCD-4F34-B419-25C8B7D01E6B}.Debug|x64.ActiveCfg = Debug|Any CPU
		{43BE66BA-0FCD-4F34-B419-25C8B7D01E6B}.Debug|x64.Build.0 = Debug|Any CPU
		{43BE66BA-0FCD-4F34-B419-25C8B7D01E6B}.Debug|x86.ActiveCfg = Debug|Any CPU
		{43BE66BA-0FCD-4F34-B419-25C8B7D01E6B}.Debug|x86.Build.0 = Debug|Any CPU
		{43BE66BA-0FCD-4F34-B419-25C8B7D01E6B}.Release|Any CPU.ActiveCfg = Release|Any CPU
		{43BE66BA-0FCD-4F34-B419-25C8B7D01E6B}.Release|Any CPU.Build.0 = Release|Any CPU
		{43BE66BA-0FCD-4F34-B419-25C8B7D01E6B}.Release|x64.ActiveCfg = Release|Any CPU
		{43BE66BA-0FCD-4F34-B419-25C8B7D01E6B}.Release|x64.Build.0 = Release|Any CPU
		{43BE66BA-0FCD-4F34-B419-25C8B7D01E6B}.Release|x86.ActiveCfg = Release|Any CPU
		{43BE66BA-0FCD-4F34-B419-25C8B7D01E6B}.Release|x86.Build.0 = Release|Any CPU
		{6F205D77-7073-4642-B208-CED41911ADAA}.Debug|Any CPU.ActiveCfg = Debug|Any CPU
		{6F205D77-7073-4642-B208-CED41911ADAA}.Debug|Any CPU.Build.0 = Debug|Any CPU
		{6F205D77-7073-4642-B208-CED41911ADAA}.Debug|x64.ActiveCfg = Debug|Any CPU
		{6F205D77-7073-4642-B208-CED41911ADAA}.Debug|x64.Build.0 = Debug|Any CPU
		{6F205D77-7073-4642-B208-CED41911ADAA}.Debug|x86.ActiveCfg = Debug|Any CPU
		{6F205D77-7073-4642-B208-CED41911ADAA}.Debug|x86.Build.0 = Debug|Any CPU
		{6F205D77-7073-4642-B208-CED41911ADAA}.Release|Any CPU.ActiveCfg = Release|Any CPU
		{6F205D77-7073-4642-B208-CED41911ADAA}.Release|Any CPU.Build.0 = Release|Any CPU
		{6F205D77-7073-4642-B208-CED41911ADAA}.Release|x64.ActiveCfg = Release|Any CPU
		{6F205D77-7073-4642-B208-CED41911ADAA}.Release|x64.Build.0 = Release|Any CPU
		{6F205D77-7073-4642-B208-CED41911ADAA}.Release|x86.ActiveCfg = Release|Any CPU
		{6F205D77-7073-4642-B208-CED41911ADAA}.Release|x86.Build.0 = Release|Any CPU
		{56A12D6F-1D46-4479-9150-8B0BB9A331AF}.Debug|Any CPU.ActiveCfg = Debug|Any CPU
		{56A12D6F-1D46-4479-9150-8B0BB9A331AF}.Debug|Any CPU.Build.0 = Debug|Any CPU
		{56A12D6F-1D46-4479-9150-8B0BB9A331AF}.Debug|x64.ActiveCfg = Debug|Any CPU
		{56A12D6F-1D46-4479-9150-8B0BB9A331AF}.Debug|x64.Build.0 = Debug|Any CPU
		{56A12D6F-1D46-4479-9150-8B0BB9A331AF}.Debug|x86.ActiveCfg = Debug|Any CPU
		{56A12D6F-1D46-4479-9150-8B0BB9A331AF}.Debug|x86.Build.0 = Debug|Any CPU
		{56A12D6F-1D46-4479-9150-8B0BB9A331AF}.Release|Any CPU.ActiveCfg = Release|Any CPU
		{56A12D6F-1D46-4479-9150-8B0BB9A331AF}.Release|Any CPU.Build.0 = Release|Any CPU
		{56A12D6F-1D46-4479-9150-8B0BB9A331AF}.Release|x64.ActiveCfg = Release|Any CPU
		{56A12D6F-1D46-4479-9150-8B0BB9A331AF}.Release|x64.Build.0 = Release|Any CPU
		{56A12D6F-1D46-4479-9150-8B0BB9A331AF}.Release|x86.ActiveCfg = Release|Any CPU
		{56A12D6F-1D46-4479-9150-8B0BB9A331AF}.Release|x86.Build.0 = Release|Any CPU
		{E8EC76D5-39F7-4DDE-88AD-1D39F6116FF1}.Debug|Any CPU.ActiveCfg = Debug|Any CPU
		{E8EC76D5-39F7-4DDE-88AD-1D39F6116FF1}.Debug|Any CPU.Build.0 = Debug|Any CPU
		{E8EC76D5-39F7-4DDE-88AD-1D39F6116FF1}.Debug|x64.ActiveCfg = Debug|Any CPU
		{E8EC76D5-39F7-4DDE-88AD-1D39F6116FF1}.Debug|x64.Build.0 = Debug|Any CPU
		{E8EC76D5-39F7-4DDE-88AD-1D39F6116FF1}.Debug|x86.ActiveCfg = Debug|Any CPU
		{E8EC76D5-39F7-4DDE-88AD-1D39F6116FF1}.Debug|x86.Build.0 = Debug|Any CPU
		{E8EC76D5-39F7-4DDE-88AD-1D39F6116FF1}.Release|Any CPU.ActiveCfg = Release|Any CPU
		{E8EC76D5-39F7-4DDE-88AD-1D39F6116FF1}.Release|Any CPU.Build.0 = Release|Any CPU
		{E8EC76D5-39F7-4DDE-88AD-1D39F6116FF1}.Release|x64.ActiveCfg = Release|Any CPU
		{E8EC76D5-39F7-4DDE-88AD-1D39F6116FF1}.Release|x64.Build.0 = Release|Any CPU
		{E8EC76D5-39F7-4DDE-88AD-1D39F6116FF1}.Release|x86.ActiveCfg = Release|Any CPU
		{E8EC76D5-39F7-4DDE-88AD-1D39F6116FF1}.Release|x86.Build.0 = Release|Any CPU
	EndGlobalSection
	GlobalSection(SolutionProperties) = preSolution
		HideSolutionNode = FALSE
	EndGlobalSection
	GlobalSection(NestedProjects) = preSolution
		{51E1E038-DBA1-41B2-865D-F9618E00F8F7} = {827E0CD3-B72D-47B6-A68D-7590B98EB39B}
		{EB8BCF32-E849-400F-AF72-6139F80D6B64} = {827E0CD3-B72D-47B6-A68D-7590B98EB39B}
		{8040B1B0-1683-4F1A-8B29-841F594E447E} = {827E0CD3-B72D-47B6-A68D-7590B98EB39B}
		{12D80388-DF66-41F5-8047-511DDB7EAC4E} = {827E0CD3-B72D-47B6-A68D-7590B98EB39B}
		{788F8572-314F-4D22-9C9E-F31F54195646} = {827E0CD3-B72D-47B6-A68D-7590B98EB39B}
		{E7CC00A3-556D-46F5-96A2-ECD2713BBCCC} = {827E0CD3-B72D-47B6-A68D-7590B98EB39B}
		{3D65189B-5461-47B9-AEF6-2712278EEE28} = {827E0CD3-B72D-47B6-A68D-7590B98EB39B}
		{0DEEDBEB-3D4E-4421-A901-7C7F206AD912} = {827E0CD3-B72D-47B6-A68D-7590B98EB39B}
		{A2259DD8-4171-440F-A4A1-5E32A2CD6053} = {827E0CD3-B72D-47B6-A68D-7590B98EB39B}
		{69C2C5AD-794A-4EC5-81B1-754EAE24C16A} = {827E0CD3-B72D-47B6-A68D-7590B98EB39B}
		{B4B04287-D322-4B5C-BBC4-77741883E77B} = {827E0CD3-B72D-47B6-A68D-7590B98EB39B}
		{497075A5-867C-46F5-AE7E-0E61607EFC09} = {827E0CD3-B72D-47B6-A68D-7590B98EB39B}
		{43BE66BA-0FCD-4F34-B419-25C8B7D01E6B} = {827E0CD3-B72D-47B6-A68D-7590B98EB39B}
		{56A12D6F-1D46-4479-9150-8B0BB9A331AF} = {0AB3BF05-4346-4AA6-1389-037BE0695223}
		{E8EC76D5-39F7-4DDE-88AD-1D39F6116FF1} = {0AB3BF05-4346-4AA6-1389-037BE0695223}
	EndGlobalSection
EndGlobal
